
Microsoft Visual Studio Solution File, Format Version 12.00
# Visual Studio Version 17
VisualStudioVersion = 17.0.31912.275
MinimumVisualStudioVersion = 10.0.40219.1
Project("{FAE04EC0-301F-11D3-BF4B-00C04F79EFBC}") = "Dog_Browser", "Dog_Browser\Dog_Browser.csproj", "{6FF1AA31-476B-4714-8BC0-534A40C3B408}"
EndProject
Global
	GlobalSection(SolutionConfigurationPlatforms) = preSolution
		Debug|Any CPU = Debug|Any CPU
		Release|Any CPU = Release|Any CPU
	EndGlobalSection
	GlobalSection(ProjectConfigurationPlatforms) = postSolution
		{6FF1AA31-476B-4714-8BC0-534A40C3B408}.Debug|Any CPU.ActiveCfg = Debug|Any CPU
		{6FF1AA31-476B-4714-8BC0-534A40C3B408}.Debug|Any CPU.Build.0 = Debug|Any CPU
		{6FF1AA31-476B-4714-8BC0-534A40C3B408}.Release|Any CPU.ActiveCfg = Release|Any CPU
		{6FF1AA31-476B-4714-8BC0-534A40C3B408}.Release|Any CPU.Build.0 = Release|Any CPU
	EndGlobalSection
	GlobalSection(SolutionProperties) = preSolution
		HideSolutionNode = FALSE
	EndGlobalSection
	GlobalSection(ExtensibilityGlobals) = postSolution
		SolutionGuid = {523A6E70-7BB6-405F-9764-A583F18561BA}
	EndGlobalSection
EndGlobal
